
Microsoft Visual Studio Solution File, Format Version 12.00
# Visual Studio Version 17
VisualStudioVersion = 17.0.31903.59
MinimumVisualStudioVersion = 10.0.40219.1
Project("{FAE04EC0-301F-11D3-BF4B-00C04F79EFBC}") = "RESTful_API_Reagentes", "RESTful_API_Reagentes\RESTful_API_Reagentes.csproj", "{07277827-69E7-4370-9815-28A5046AC47A}"
EndProject
Global
	GlobalSection(SolutionConfigurationPlatforms) = preSolution
		Debug|Any CPU = Debug|Any CPU
		Debug|x64 = Debug|x64
		Release|Any CPU = Release|Any CPU
		Release|x64 = Release|x64
	EndGlobalSection
	GlobalSection(ProjectConfigurationPlatforms) = postSolution
		{07277827-69E7-4370-9815-28A5046AC47A}.Debug|Any CPU.ActiveCfg = Debug|Any CPU
		{07277827-69E7-4370-9815-28A5046AC47A}.Debug|Any CPU.Build.0 = Debug|Any CPU
		{07277827-69E7-4370-9815-28A5046AC47A}.Debug|x64.ActiveCfg = Debug|x64
		{07277827-69E7-4370-9815-28A5046AC47A}.Debug|x64.Build.0 = Debug|x64
		{07277827-69E7-4370-9815-28A5046AC47A}.Release|Any CPU.ActiveCfg = Release|Any CPU
		{07277827-69E7-4370-9815-28A5046AC47A}.Release|Any CPU.Build.0 = Release|Any CPU
		{07277827-69E7-4370-9815-28A5046AC47A}.Release|x64.ActiveCfg = Release|x64
		{07277827-69E7-4370-9815-28A5046AC47A}.Release|x64.Build.0 = Release|x64
	EndGlobalSection
	GlobalSection(SolutionProperties) = preSolution
		HideSolutionNode = FALSE
	EndGlobalSection
	GlobalSection(ExtensibilityGlobals) = postSolution
		SolutionGuid = {F57F056E-A5FE-427E-967F-8AB2BA3FEC56}
	EndGlobalSection
EndGlobal
